// !$*UTF8*$!
{
	archiveVersion = 1;
	classes = {
	};
	objectVersion = 56;
	objects = {

/* Begin PBXBuildFile section */
		611347062B4B148500D651CD /* NetworkingProtocols .swift in Sources */ = {isa = PBXBuildFile; fileRef = 611347052B4B148500D651CD /* NetworkingProtocols .swift */; };
		6113470A2B4B157900D651CD /* HTMLContentFetcher.swift in Sources */ = {isa = PBXBuildFile; fileRef = 611347092B4B157900D651CD /* HTMLContentFetcher.swift */; };
		6113470C2B4B15BD00D651CD /* APIRequestHandler.swift in Sources */ = {isa = PBXBuildFile; fileRef = 6113470B2B4B15BD00D651CD /* APIRequestHandler.swift */; };
		6113470E2B4B164C00D651CD /* HTMLParser.swift in Sources */ = {isa = PBXBuildFile; fileRef = 6113470D2B4B164C00D651CD /* HTMLParser.swift */; };
		611347112B4B18FF00D651CD /* AlbumDetailRepository.swift in Sources */ = {isa = PBXBuildFile; fileRef = 611347102B4B18FF00D651CD /* AlbumDetailRepository.swift */; };
		613C57CF2B87B2C100EB7967 /* cd.metal in Sources */ = {isa = PBXBuildFile; fileRef = 613C57CC2B87B2C100EB7967 /* cd.metal */; };
		613C57D02B87B2C100EB7967 /* CDView.swift in Sources */ = {isa = PBXBuildFile; fileRef = 613C57CD2B87B2C100EB7967 /* CDView.swift */; };
		613C57D12B87B2C100EB7967 /* MotionManager.swift in Sources */ = {isa = PBXBuildFile; fileRef = 613C57CE2B87B2C100EB7967 /* MotionManager.swift */; };
		613C57D32B893CF700EB7967 /* HomeViewV2.swift in Sources */ = {isa = PBXBuildFile; fileRef = 613C57D22B893CF700EB7967 /* HomeViewV2.swift */; };
		613C57DC2B894CC600EB7967 /* Variablur in Frameworks */ = {isa = PBXBuildFile; productRef = 613C57DB2B894CC600EB7967 /* Variablur */; };
		61532E702B16675C00459F22 /* AlbumDetailViewModel.swift in Sources */ = {isa = PBXBuildFile; fileRef = 61532E6F2B16675C00459F22 /* AlbumDetailViewModel.swift */; };
		6157BD442B82724E00424947 /* GlassView.swift in Sources */ = {isa = PBXBuildFile; fileRef = 6157BD432B82724E00424947 /* GlassView.swift */; };
		6157BD462B82938A00424947 /* GnodNetworking.swift in Sources */ = {isa = PBXBuildFile; fileRef = 6157BD452B82938A00424947 /* GnodNetworking.swift */; };
		618152DA2BA232A100785A04 /* Kingfisher in Frameworks */ = {isa = PBXBuildFile; productRef = 618152D92BA232A100785A04 /* Kingfisher */; };
		618152DD2BA2476300785A04 /* Realm in Frameworks */ = {isa = PBXBuildFile; productRef = 618152DC2BA2476300785A04 /* Realm */; };
		618152DF2BA2476300785A04 /* RealmSwift in Frameworks */ = {isa = PBXBuildFile; productRef = 618152DE2BA2476300785A04 /* RealmSwift */; };
		618152E22BA2490E00785A04 /* BookmarkButton.swift in Sources */ = {isa = PBXBuildFile; fileRef = 618152E12BA2490E00785A04 /* BookmarkButton.swift */; };
		61835B7D2BAA222C00ACFC21 /* FavouritesView.swift in Sources */ = {isa = PBXBuildFile; fileRef = 61835B7C2BAA222C00ACFC21 /* FavouritesView.swift */; };
		6196CF1D2B0A5CC700121470 /* DetailViewDataManager.swift in Sources */ = {isa = PBXBuildFile; fileRef = 6196CF1C2B0A5CC700121470 /* DetailViewDataManager.swift */; };
		61A472E22B01410900623BC3 /* tracklistApp.swift in Sources */ = {isa = PBXBuildFile; fileRef = 61A472E12B01410900623BC3 /* tracklistApp.swift */; };
		61A472E42B01410900623BC3 /* ContentView.swift in Sources */ = {isa = PBXBuildFile; fileRef = 61A472E32B01410900623BC3 /* ContentView.swift */; };
		61A472E62B01410C00623BC3 /* Assets.xcassets in Resources */ = {isa = PBXBuildFile; fileRef = 61A472E52B01410C00623BC3 /* Assets.xcassets */; };
		61A472E92B01410C00623BC3 /* Preview Assets.xcassets in Resources */ = {isa = PBXBuildFile; fileRef = 61A472E82B01410C00623BC3 /* Preview Assets.xcassets */; };
		61A472F12B01419500623BC3 /* HomeView.swift in Sources */ = {isa = PBXBuildFile; fileRef = 61A472F02B01419500623BC3 /* HomeView.swift */; };
		61A472F32B01483D00623BC3 /* HighlightedText.swift in Sources */ = {isa = PBXBuildFile; fileRef = 61A472F22B01483D00623BC3 /* HighlightedText.swift */; };
		61A472F72B014BCE00623BC3 /* UIColor+Extension.swift in Sources */ = {isa = PBXBuildFile; fileRef = 61A472F62B014BCE00623BC3 /* UIColor+Extension.swift */; };
		61A472FA2B014EF500623BC3 /* TrackResponseModel.swift in Sources */ = {isa = PBXBuildFile; fileRef = 61A472F92B014EF500623BC3 /* TrackResponseModel.swift */; };
		61A472FC2B014F3C00623BC3 /* NetworkingManager.swift in Sources */ = {isa = PBXBuildFile; fileRef = 61A472FB2B014F3C00623BC3 /* NetworkingManager.swift */; };
		61A472FF2B01538C00623BC3 /* DataManager.swift in Sources */ = {isa = PBXBuildFile; fileRef = 61A472FE2B01538C00623BC3 /* DataManager.swift */; };
		61A99A0A2B094E0300ED22A7 /* AlbumInfoModel.swift in Sources */ = {isa = PBXBuildFile; fileRef = 61A99A092B094E0300ED22A7 /* AlbumInfoModel.swift */; };
		61A99A0D2B094EF000ED22A7 /* SwiftSoup in Frameworks */ = {isa = PBXBuildFile; productRef = 61A99A0C2B094EF000ED22A7 /* SwiftSoup */; };
		61A99A102B0A4EEE00ED22A7 /* TrackScrollView.swift in Sources */ = {isa = PBXBuildFile; fileRef = 61A99A0F2B0A4EEE00ED22A7 /* TrackScrollView.swift */; };
		61A99A142B0A525F00ED22A7 /* AlbumDetailView.swift in Sources */ = {isa = PBXBuildFile; fileRef = 61A99A132B0A525F00ED22A7 /* AlbumDetailView.swift */; };
		61A99A162B0A54DF00ED22A7 /* AlbumDetailModel.swift in Sources */ = {isa = PBXBuildFile; fileRef = 61A99A152B0A54DF00ED22A7 /* AlbumDetailModel.swift */; };
		61B3397D2BA5A6D1001726E1 /* WaveCollapseView.swift in Sources */ = {isa = PBXBuildFile; fileRef = 61B3397C2BA5A6D1001726E1 /* WaveCollapseView.swift */; };
		61B575062BACCCC500DF610F /* RealmServices.swift in Sources */ = {isa = PBXBuildFile; fileRef = 61B575052BACCCC500DF610F /* RealmServices.swift */; };
		61B575082BACCD0400DF610F /* RealmServicesProtocols.swift in Sources */ = {isa = PBXBuildFile; fileRef = 61B575072BACCD0400DF610F /* RealmServicesProtocols.swift */; };
		61B5750A2BACCF4700DF610F /* RealmManager.swift in Sources */ = {isa = PBXBuildFile; fileRef = 61B575092BACCF4700DF610F /* RealmManager.swift */; };
		61C7850B2B04DBCE00C5E55D /* popOver.swift in Sources */ = {isa = PBXBuildFile; fileRef = 61C7850A2B04DBCE00C5E55D /* popOver.swift */; };
		61F2AB7C2B8FACF200B969C6 /* View+Extension.swift in Sources */ = {isa = PBXBuildFile; fileRef = 61F2AB7B2B8FACF200B969C6 /* View+Extension.swift */; };
		61F2AB7E2B8FB0D100B969C6 /* MetacriticNetworking.swift in Sources */ = {isa = PBXBuildFile; fileRef = 61F2AB7D2B8FB0D100B969C6 /* MetacriticNetworking.swift */; };
		61F2AB802B8FB3B500B969C6 /* UpcommingReleaseModel.swift in Sources */ = {isa = PBXBuildFile; fileRef = 61F2AB7F2B8FB3B500B969C6 /* UpcommingReleaseModel.swift */; };
		61F2AB832B91D18700B969C6 /* UpcommingReleases.swift in Sources */ = {isa = PBXBuildFile; fileRef = 61F2AB822B91D18700B969C6 /* UpcommingReleases.swift */; };
		61F2AB852B91D2EE00B969C6 /* UpcommingReleasesRepository.swift in Sources */ = {isa = PBXBuildFile; fileRef = 61F2AB842B91D2EE00B969C6 /* UpcommingReleasesRepository.swift */; };
		61F2AB872B94868100B969C6 /* UpcommingReleasesViewModel.swift in Sources */ = {isa = PBXBuildFile; fileRef = 61F2AB862B94868100B969C6 /* UpcommingReleasesViewModel.swift */; };
		61F2AB892B94914400B969C6 /* GrainGradient.metal in Sources */ = {isa = PBXBuildFile; fileRef = 61F2AB882B94914400B969C6 /* GrainGradient.metal */; };
		61F2AB8B2B94914900B969C6 /* BackgroundMaterial.swift in Sources */ = {isa = PBXBuildFile; fileRef = 61F2AB8A2B94914900B969C6 /* BackgroundMaterial.swift */; };
		61F2AB8D2B94970000B969C6 /* CardModel.swift in Sources */ = {isa = PBXBuildFile; fileRef = 61F2AB8C2B94970000B969C6 /* CardModel.swift */; };
		61F2AB912B94EA9B00B969C6 /* HomeCard.swift in Sources */ = {isa = PBXBuildFile; fileRef = 61F2AB902B94EA9B00B969C6 /* HomeCard.swift */; };
		61F2AB932B94F58600B969C6 /* CustomPlaceholderView.swift in Sources */ = {isa = PBXBuildFile; fileRef = 61F2AB922B94F58600B969C6 /* CustomPlaceholderView.swift */; };
		61F2AB952B94F66300B969C6 /* Array+Extension.swift in Sources */ = {isa = PBXBuildFile; fileRef = 61F2AB942B94F66300B969C6 /* Array+Extension.swift */; };
/* End PBXBuildFile section */

/* Begin PBXFileReference section */
		611347052B4B148500D651CD /* NetworkingProtocols .swift */ = {isa = PBXFileReference; lastKnownFileType = sourcecode.swift; path = "NetworkingProtocols .swift"; sourceTree = "<group>"; };
		611347092B4B157900D651CD /* HTMLContentFetcher.swift */ = {isa = PBXFileReference; lastKnownFileType = sourcecode.swift; path = HTMLContentFetcher.swift; sourceTree = "<group>"; };
		6113470B2B4B15BD00D651CD /* APIRequestHandler.swift */ = {isa = PBXFileReference; lastKnownFileType = sourcecode.swift; path = APIRequestHandler.swift; sourceTree = "<group>"; };
		6113470D2B4B164C00D651CD /* HTMLParser.swift */ = {isa = PBXFileReference; lastKnownFileType = sourcecode.swift; path = HTMLParser.swift; sourceTree = "<group>"; };
		611347102B4B18FF00D651CD /* AlbumDetailRepository.swift */ = {isa = PBXFileReference; lastKnownFileType = sourcecode.swift; path = AlbumDetailRepository.swift; sourceTree = "<group>"; };
		613C57CC2B87B2C100EB7967 /* cd.metal */ = {isa = PBXFileReference; fileEncoding = 4; lastKnownFileType = sourcecode.metal; name = cd.metal; path = "../../../../../Downloads/e1e7e6bfed0362bc510c1766d5dc1428-6d408d6570c4cb42caa8f32f6582e0dadbe57239/cd.metal"; sourceTree = "<group>"; };
		613C57CD2B87B2C100EB7967 /* CDView.swift */ = {isa = PBXFileReference; fileEncoding = 4; lastKnownFileType = sourcecode.swift; name = CDView.swift; path = "../../../../../Downloads/e1e7e6bfed0362bc510c1766d5dc1428-6d408d6570c4cb42caa8f32f6582e0dadbe57239/CDView.swift"; sourceTree = "<group>"; };
		613C57CE2B87B2C100EB7967 /* MotionManager.swift */ = {isa = PBXFileReference; fileEncoding = 4; lastKnownFileType = sourcecode.swift; name = MotionManager.swift; path = "../../../../../Downloads/e1e7e6bfed0362bc510c1766d5dc1428-6d408d6570c4cb42caa8f32f6582e0dadbe57239/MotionManager.swift"; sourceTree = "<group>"; };
		613C57D22B893CF700EB7967 /* HomeViewV2.swift */ = {isa = PBXFileReference; lastKnownFileType = sourcecode.swift; path = HomeViewV2.swift; sourceTree = "<group>"; };
		61532E6F2B16675C00459F22 /* AlbumDetailViewModel.swift */ = {isa = PBXFileReference; lastKnownFileType = sourcecode.swift; path = AlbumDetailViewModel.swift; sourceTree = "<group>"; };
		6157BD432B82724E00424947 /* GlassView.swift */ = {isa = PBXFileReference; lastKnownFileType = sourcecode.swift; path = GlassView.swift; sourceTree = "<group>"; };
		6157BD452B82938A00424947 /* GnodNetworking.swift */ = {isa = PBXFileReference; lastKnownFileType = sourcecode.swift; path = GnodNetworking.swift; sourceTree = "<group>"; };
		618152E12BA2490E00785A04 /* BookmarkButton.swift */ = {isa = PBXFileReference; lastKnownFileType = sourcecode.swift; path = BookmarkButton.swift; sourceTree = "<group>"; };
		61835B7C2BAA222C00ACFC21 /* FavouritesView.swift */ = {isa = PBXFileReference; lastKnownFileType = sourcecode.swift; path = FavouritesView.swift; sourceTree = "<group>"; };
		6196CF1C2B0A5CC700121470 /* DetailViewDataManager.swift */ = {isa = PBXFileReference; lastKnownFileType = sourcecode.swift; path = DetailViewDataManager.swift; sourceTree = "<group>"; };
		61A472DE2B01410900623BC3 /* tracklist.app */ = {isa = PBXFileReference; explicitFileType = wrapper.application; includeInIndex = 0; path = tracklist.app; sourceTree = BUILT_PRODUCTS_DIR; };
		61A472E12B01410900623BC3 /* tracklistApp.swift */ = {isa = PBXFileReference; lastKnownFileType = sourcecode.swift; path = tracklistApp.swift; sourceTree = "<group>"; };
		61A472E32B01410900623BC3 /* ContentView.swift */ = {isa = PBXFileReference; lastKnownFileType = sourcecode.swift; path = ContentView.swift; sourceTree = "<group>"; };
		61A472E52B01410C00623BC3 /* Assets.xcassets */ = {isa = PBXFileReference; lastKnownFileType = folder.assetcatalog; path = Assets.xcassets; sourceTree = "<group>"; };
		61A472E82B01410C00623BC3 /* Preview Assets.xcassets */ = {isa = PBXFileReference; lastKnownFileType = folder.assetcatalog; path = "Preview Assets.xcassets"; sourceTree = "<group>"; };
		61A472F02B01419500623BC3 /* HomeView.swift */ = {isa = PBXFileReference; lastKnownFileType = sourcecode.swift; path = HomeView.swift; sourceTree = "<group>"; };
		61A472F22B01483D00623BC3 /* HighlightedText.swift */ = {isa = PBXFileReference; lastKnownFileType = sourcecode.swift; path = HighlightedText.swift; sourceTree = "<group>"; };
		61A472F62B014BCE00623BC3 /* UIColor+Extension.swift */ = {isa = PBXFileReference; lastKnownFileType = sourcecode.swift; path = "UIColor+Extension.swift"; sourceTree = "<group>"; };
		61A472F92B014EF500623BC3 /* TrackResponseModel.swift */ = {isa = PBXFileReference; lastKnownFileType = sourcecode.swift; path = TrackResponseModel.swift; sourceTree = "<group>"; };
		61A472FB2B014F3C00623BC3 /* NetworkingManager.swift */ = {isa = PBXFileReference; lastKnownFileType = sourcecode.swift; path = NetworkingManager.swift; sourceTree = "<group>"; };
		61A472FE2B01538C00623BC3 /* DataManager.swift */ = {isa = PBXFileReference; lastKnownFileType = sourcecode.swift; path = DataManager.swift; sourceTree = "<group>"; };
		61A99A092B094E0300ED22A7 /* AlbumInfoModel.swift */ = {isa = PBXFileReference; lastKnownFileType = sourcecode.swift; path = AlbumInfoModel.swift; sourceTree = "<group>"; };
		61A99A0F2B0A4EEE00ED22A7 /* TrackScrollView.swift */ = {isa = PBXFileReference; lastKnownFileType = sourcecode.swift; path = TrackScrollView.swift; sourceTree = "<group>"; };
		61A99A132B0A525F00ED22A7 /* AlbumDetailView.swift */ = {isa = PBXFileReference; lastKnownFileType = sourcecode.swift; path = AlbumDetailView.swift; sourceTree = "<group>"; };
		61A99A152B0A54DF00ED22A7 /* AlbumDetailModel.swift */ = {isa = PBXFileReference; lastKnownFileType = sourcecode.swift; path = AlbumDetailModel.swift; sourceTree = "<group>"; };
		61B3397C2BA5A6D1001726E1 /* WaveCollapseView.swift */ = {isa = PBXFileReference; lastKnownFileType = sourcecode.swift; path = WaveCollapseView.swift; sourceTree = "<group>"; };
		61B575052BACCCC500DF610F /* RealmServices.swift */ = {isa = PBXFileReference; lastKnownFileType = sourcecode.swift; path = RealmServices.swift; sourceTree = "<group>"; };
		61B575072BACCD0400DF610F /* RealmServicesProtocols.swift */ = {isa = PBXFileReference; lastKnownFileType = sourcecode.swift; path = RealmServicesProtocols.swift; sourceTree = "<group>"; };
		61B575092BACCF4700DF610F /* RealmManager.swift */ = {isa = PBXFileReference; lastKnownFileType = sourcecode.swift; path = RealmManager.swift; sourceTree = "<group>"; };
		61C7850A2B04DBCE00C5E55D /* popOver.swift */ = {isa = PBXFileReference; lastKnownFileType = sourcecode.swift; path = popOver.swift; sourceTree = "<group>"; };
		61F2AB7B2B8FACF200B969C6 /* View+Extension.swift */ = {isa = PBXFileReference; lastKnownFileType = sourcecode.swift; path = "View+Extension.swift"; sourceTree = "<group>"; };
		61F2AB7D2B8FB0D100B969C6 /* MetacriticNetworking.swift */ = {isa = PBXFileReference; lastKnownFileType = sourcecode.swift; path = MetacriticNetworking.swift; sourceTree = "<group>"; };
		61F2AB7F2B8FB3B500B969C6 /* UpcommingReleaseModel.swift */ = {isa = PBXFileReference; lastKnownFileType = sourcecode.swift; path = UpcommingReleaseModel.swift; sourceTree = "<group>"; };
		61F2AB822B91D18700B969C6 /* UpcommingReleases.swift */ = {isa = PBXFileReference; lastKnownFileType = sourcecode.swift; path = UpcommingReleases.swift; sourceTree = "<group>"; };
		61F2AB842B91D2EE00B969C6 /* UpcommingReleasesRepository.swift */ = {isa = PBXFileReference; lastKnownFileType = sourcecode.swift; path = UpcommingReleasesRepository.swift; sourceTree = "<group>"; };
		61F2AB862B94868100B969C6 /* UpcommingReleasesViewModel.swift */ = {isa = PBXFileReference; lastKnownFileType = sourcecode.swift; path = UpcommingReleasesViewModel.swift; sourceTree = "<group>"; };
		61F2AB882B94914400B969C6 /* GrainGradient.metal */ = {isa = PBXFileReference; fileEncoding = 4; lastKnownFileType = sourcecode.metal; name = GrainGradient.metal; path = ../../../wallpaper/Wallpaper/GrainGradient.metal; sourceTree = "<group>"; };
		61F2AB8A2B94914900B969C6 /* BackgroundMaterial.swift */ = {isa = PBXFileReference; fileEncoding = 4; lastKnownFileType = sourcecode.swift; name = BackgroundMaterial.swift; path = ../../../wallpaper/Wallpaper/BackgroundMaterial.swift; sourceTree = "<group>"; };
		61F2AB8C2B94970000B969C6 /* CardModel.swift */ = {isa = PBXFileReference; lastKnownFileType = sourcecode.swift; path = CardModel.swift; sourceTree = "<group>"; };
		61F2AB902B94EA9B00B969C6 /* HomeCard.swift */ = {isa = PBXFileReference; lastKnownFileType = sourcecode.swift; path = HomeCard.swift; sourceTree = "<group>"; };
		61F2AB922B94F58600B969C6 /* CustomPlaceholderView.swift */ = {isa = PBXFileReference; lastKnownFileType = sourcecode.swift; path = CustomPlaceholderView.swift; sourceTree = "<group>"; };
		61F2AB942B94F66300B969C6 /* Array+Extension.swift */ = {isa = PBXFileReference; lastKnownFileType = sourcecode.swift; path = "Array+Extension.swift"; sourceTree = "<group>"; };
/* End PBXFileReference section */

/* Begin PBXFrameworksBuildPhase section */
		61A472DB2B01410900623BC3 /* Frameworks */ = {
			isa = PBXFrameworksBuildPhase;
			buildActionMask = 2147483647;
			files = (
				618152DA2BA232A100785A04 /* Kingfisher in Frameworks */,
				61A99A0D2B094EF000ED22A7 /* SwiftSoup in Frameworks */,
				618152DD2BA2476300785A04 /* Realm in Frameworks */,
				618152DF2BA2476300785A04 /* RealmSwift in Frameworks */,
				613C57DC2B894CC600EB7967 /* Variablur in Frameworks */,
			);
			runOnlyForDeploymentPostprocessing = 0;
		};
/* End PBXFrameworksBuildPhase section */

/* Begin PBXGroup section */
		611347072B4B154200D651CD /* Protocols */ = {
			isa = PBXGroup;
			children = (
				611347052B4B148500D651CD /* NetworkingProtocols .swift */,
			);
			path = Protocols;
			sourceTree = "<group>";
		};
		611347082B4B154A00D651CD /* Use Cases */ = {
			isa = PBXGroup;
			children = (
				611347092B4B157900D651CD /* HTMLContentFetcher.swift */,
				6113470B2B4B15BD00D651CD /* APIRequestHandler.swift */,
				6113470D2B4B164C00D651CD /* HTMLParser.swift */,
			);
			path = "Use Cases";
			sourceTree = "<group>";
		};
		6113470F2B4B18E300D651CD /* Repositories */ = {
			isa = PBXGroup;
			children = (
				611347102B4B18FF00D651CD /* AlbumDetailRepository.swift */,
				61F2AB842B91D2EE00B969C6 /* UpcommingReleasesRepository.swift */,
			);
			path = Repositories;
			sourceTree = "<group>";
		};
		61532E6E2B16674200459F22 /* ViewModel */ = {
			isa = PBXGroup;
			children = (
				61532E6F2B16675C00459F22 /* AlbumDetailViewModel.swift */,
				61B575092BACCF4700DF610F /* RealmManager.swift */,
			);
			path = ViewModel;
			sourceTree = "<group>";
		};
		6157BD422B82723700424947 /* ViewModifiers */ = {
			isa = PBXGroup;
			children = (
				6157BD432B82724E00424947 /* GlassView.swift */,
				61F2AB922B94F58600B969C6 /* CustomPlaceholderView.swift */,
			);
			path = ViewModifiers;
			sourceTree = "<group>";
		};
		618152E02BA248D100785A04 /* Views */ = {
			isa = PBXGroup;
			children = (
				61C7850A2B04DBCE00C5E55D /* popOver.swift */,
				61A472F22B01483D00623BC3 /* HighlightedText.swift */,
				61F2AB902B94EA9B00B969C6 /* HomeCard.swift */,
				61A99A0F2B0A4EEE00ED22A7 /* TrackScrollView.swift */,
			);
			path = Views;
			sourceTree = "<group>";
		};
		61835B7B2BAA220C00ACFC21 /* Favourites */ = {
			isa = PBXGroup;
			children = (
				61835B7C2BAA222C00ACFC21 /* FavouritesView.swift */,
			);
			path = Favourites;
			sourceTree = "<group>";
		};
		61A472D52B01410900623BC3 = {
			isa = PBXGroup;
			children = (
				61A472E02B01410900623BC3 /* tracklist */,
				61A472DF2B01410900623BC3 /* Products */,
			);
			sourceTree = "<group>";
		};
		61A472DF2B01410900623BC3 /* Products */ = {
			isa = PBXGroup;
			children = (
				61A472DE2B01410900623BC3 /* tracklist.app */,
			);
			name = Products;
			sourceTree = "<group>";
		};
		61A472E02B01410900623BC3 /* tracklist */ = {
			isa = PBXGroup;
			children = (
				61B575042BACCCAD00DF610F /* Services */,
				6113470F2B4B18E300D651CD /* Repositories */,
				61532E6E2B16674200459F22 /* ViewModel */,
				61A99A0E2B0A4ECA00ED22A7 /* ReusableComponenets */,
				61A472FD2B01537600623BC3 /* Manager */,
				61A472F82B014EE400623BC3 /* Model */,
				61A472F52B014B1400623BC3 /* Extension */,
				61A472F42B01496000623BC3 /* Networking */,
				61A472EF2B01417A00623BC3 /* Views */,
				61A472E12B01410900623BC3 /* tracklistApp.swift */,
				61A472E32B01410900623BC3 /* ContentView.swift */,
				61A472E52B01410C00623BC3 /* Assets.xcassets */,
				61A472E72B01410C00623BC3 /* Preview Content */,
			);
			path = tracklist;
			sourceTree = "<group>";
		};
		61A472E72B01410C00623BC3 /* Preview Content */ = {
			isa = PBXGroup;
			children = (
				61A472E82B01410C00623BC3 /* Preview Assets.xcassets */,
			);
			path = "Preview Content";
			sourceTree = "<group>";
		};
		61A472EF2B01417A00623BC3 /* Views */ = {
			isa = PBXGroup;
			children = (
				61835B7B2BAA220C00ACFC21 /* Favourites */,
				6157BD422B82723700424947 /* ViewModifiers */,
				61A99A122B0A523C00ED22A7 /* DetailViews */,
				61A99A112B0A521200ED22A7 /* HomeView */,
			);
			path = Views;
			sourceTree = "<group>";
		};
		61A472F42B01496000623BC3 /* Networking */ = {
			isa = PBXGroup;
			children = (
				611347082B4B154A00D651CD /* Use Cases */,
				611347072B4B154200D651CD /* Protocols */,
				61A472FB2B014F3C00623BC3 /* NetworkingManager.swift */,
				6157BD452B82938A00424947 /* GnodNetworking.swift */,
				61F2AB7D2B8FB0D100B969C6 /* MetacriticNetworking.swift */,
			);
			path = Networking;
			sourceTree = "<group>";
		};
		61A472F52B014B1400623BC3 /* Extension */ = {
			isa = PBXGroup;
			children = (
				61A472F62B014BCE00623BC3 /* UIColor+Extension.swift */,
				61F2AB7B2B8FACF200B969C6 /* View+Extension.swift */,
				61F2AB942B94F66300B969C6 /* Array+Extension.swift */,
			);
			path = Extension;
			sourceTree = "<group>";
		};
		61A472F82B014EE400623BC3 /* Model */ = {
			isa = PBXGroup;
			children = (
				61A472F92B014EF500623BC3 /* TrackResponseModel.swift */,
				61A99A092B094E0300ED22A7 /* AlbumInfoModel.swift */,
				61A99A152B0A54DF00ED22A7 /* AlbumDetailModel.swift */,
				61F2AB7F2B8FB3B500B969C6 /* UpcommingReleaseModel.swift */,
				61F2AB8C2B94970000B969C6 /* CardModel.swift */,
			);
			path = Model;
			sourceTree = "<group>";
		};
		61A472FD2B01537600623BC3 /* Manager */ = {
			isa = PBXGroup;
			children = (
				61A472FE2B01538C00623BC3 /* DataManager.swift */,
				6196CF1C2B0A5CC700121470 /* DetailViewDataManager.swift */,
			);
			path = Manager;
			sourceTree = "<group>";
		};
		61A99A0E2B0A4ECA00ED22A7 /* ReusableComponenets */ = {
			isa = PBXGroup;
			children = (
				618152E02BA248D100785A04 /* Views */,
				613C57CC2B87B2C100EB7967 /* cd.metal */,
				61F2AB882B94914400B969C6 /* GrainGradient.metal */,
				613C57CD2B87B2C100EB7967 /* CDView.swift */,
				61F2AB8A2B94914900B969C6 /* BackgroundMaterial.swift */,
				613C57CE2B87B2C100EB7967 /* MotionManager.swift */,
				618152E12BA2490E00785A04 /* BookmarkButton.swift */,
				61B3397C2BA5A6D1001726E1 /* WaveCollapseView.swift */,
			);
			path = ReusableComponenets;
			sourceTree = "<group>";
		};
		61A99A112B0A521200ED22A7 /* HomeView */ = {
			isa = PBXGroup;
			children = (
				61F2AB812B91D16400B969C6 /* Upcoming Releases */,
				61A472F02B01419500623BC3 /* HomeView.swift */,
				613C57D22B893CF700EB7967 /* HomeViewV2.swift */,
			);
			path = HomeView;
			sourceTree = "<group>";
		};
		61A99A122B0A523C00ED22A7 /* DetailViews */ = {
			isa = PBXGroup;
			children = (
				61A99A132B0A525F00ED22A7 /* AlbumDetailView.swift */,
			);
			path = DetailViews;
			sourceTree = "<group>";
		};
		61B575042BACCCAD00DF610F /* Services */ = {
			isa = PBXGroup;
			children = (
				61B575052BACCCC500DF610F /* RealmServices.swift */,
				61B575072BACCD0400DF610F /* RealmServicesProtocols.swift */,
			);
			path = Services;
			sourceTree = "<group>";
		};
		61F2AB812B91D16400B969C6 /* Upcoming Releases */ = {
			isa = PBXGroup;
			children = (
				61F2AB822B91D18700B969C6 /* UpcommingReleases.swift */,
				61F2AB862B94868100B969C6 /* UpcommingReleasesViewModel.swift */,
			);
			path = "Upcoming Releases";
			sourceTree = "<group>";
		};
/* End PBXGroup section */

/* Begin PBXNativeTarget section */
		61A472DD2B01410900623BC3 /* tracklist */ = {
			isa = PBXNativeTarget;
			buildConfigurationList = 61A472EC2B01410C00623BC3 /* Build configuration list for PBXNativeTarget "tracklist" */;
			buildPhases = (
				61A472DA2B01410900623BC3 /* Sources */,
				61A472DB2B01410900623BC3 /* Frameworks */,
				61A472DC2B01410900623BC3 /* Resources */,
			);
			buildRules = (
			);
			dependencies = (
			);
			name = tracklist;
			packageProductDependencies = (
				61A99A0C2B094EF000ED22A7 /* SwiftSoup */,
				613C57DB2B894CC600EB7967 /* Variablur */,
				618152D92BA232A100785A04 /* Kingfisher */,
				618152DC2BA2476300785A04 /* Realm */,
				618152DE2BA2476300785A04 /* RealmSwift */,
			);
			productName = tracklist;
			productReference = 61A472DE2B01410900623BC3 /* tracklist.app */;
			productType = "com.apple.product-type.application";
		};
/* End PBXNativeTarget section */

/* Begin PBXProject section */
		61A472D62B01410900623BC3 /* Project object */ = {
			isa = PBXProject;
			attributes = {
				BuildIndependentTargetsInParallel = 1;
				LastSwiftUpdateCheck = 1500;
				LastUpgradeCheck = 1500;
				TargetAttributes = {
					61A472DD2B01410900623BC3 = {
						CreatedOnToolsVersion = 15.0;
					};
				};
			};
			buildConfigurationList = 61A472D92B01410900623BC3 /* Build configuration list for PBXProject "tracklist" */;
			compatibilityVersion = "Xcode 14.0";
			developmentRegion = en;
			hasScannedForEncodings = 0;
			knownRegions = (
				en,
				Base,
			);
			mainGroup = 61A472D52B01410900623BC3;
			packageReferences = (
				61A99A0B2B094EF000ED22A7 /* XCRemoteSwiftPackageReference "SwiftSoup" */,
				613C57DA2B894CC600EB7967 /* XCRemoteSwiftPackageReference "Variablur" */,
				618152D82BA232A100785A04 /* XCRemoteSwiftPackageReference "Kingfisher" */,
				618152DB2BA2476300785A04 /* XCRemoteSwiftPackageReference "realm-swift" */,
			);
			productRefGroup = 61A472DF2B01410900623BC3 /* Products */;
			projectDirPath = "";
			projectRoot = "";
			targets = (
				61A472DD2B01410900623BC3 /* tracklist */,
			);
		};
/* End PBXProject section */

/* Begin PBXResourcesBuildPhase section */
		61A472DC2B01410900623BC3 /* Resources */ = {
			isa = PBXResourcesBuildPhase;
			buildActionMask = 2147483647;
			files = (
				61A472E92B01410C00623BC3 /* Preview Assets.xcassets in Resources */,
				61A472E62B01410C00623BC3 /* Assets.xcassets in Resources */,
			);
			runOnlyForDeploymentPostprocessing = 0;
		};
/* End PBXResourcesBuildPhase section */

/* Begin PBXSourcesBuildPhase section */
		61A472DA2B01410900623BC3 /* Sources */ = {
			isa = PBXSourcesBuildPhase;
			buildActionMask = 2147483647;
			files = (
				61A472F12B01419500623BC3 /* HomeView.swift in Sources */,
				61A472E42B01410900623BC3 /* ContentView.swift in Sources */,
				611347062B4B148500D651CD /* NetworkingProtocols .swift in Sources */,
				61F2AB802B8FB3B500B969C6 /* UpcommingReleaseModel.swift in Sources */,
				61A472FA2B014EF500623BC3 /* TrackResponseModel.swift in Sources */,
				61835B7D2BAA222C00ACFC21 /* FavouritesView.swift in Sources */,
				61F2AB8D2B94970000B969C6 /* CardModel.swift in Sources */,
				61A99A102B0A4EEE00ED22A7 /* TrackScrollView.swift in Sources */,
				613C57CF2B87B2C100EB7967 /* cd.metal in Sources */,
				61A99A162B0A54DF00ED22A7 /* AlbumDetailModel.swift in Sources */,
				61F2AB932B94F58600B969C6 /* CustomPlaceholderView.swift in Sources */,
				61A99A0A2B094E0300ED22A7 /* AlbumInfoModel.swift in Sources */,
				6113470C2B4B15BD00D651CD /* APIRequestHandler.swift in Sources */,
				61B5750A2BACCF4700DF610F /* RealmManager.swift in Sources */,
				61F2AB7E2B8FB0D100B969C6 /* MetacriticNetworking.swift in Sources */,
				618152E22BA2490E00785A04 /* BookmarkButton.swift in Sources */,
				613C57D32B893CF700EB7967 /* HomeViewV2.swift in Sources */,
				61A472E22B01410900623BC3 /* tracklistApp.swift in Sources */,
				61A472F32B01483D00623BC3 /* HighlightedText.swift in Sources */,
				613C57D12B87B2C100EB7967 /* MotionManager.swift in Sources */,
				61B3397D2BA5A6D1001726E1 /* WaveCollapseView.swift in Sources */,
				611347112B4B18FF00D651CD /* AlbumDetailRepository.swift in Sources */,
				61F2AB912B94EA9B00B969C6 /* HomeCard.swift in Sources */,
				61F2AB832B91D18700B969C6 /* UpcommingReleases.swift in Sources */,
				61A99A142B0A525F00ED22A7 /* AlbumDetailView.swift in Sources */,
				61F2AB872B94868100B969C6 /* UpcommingReleasesViewModel.swift in Sources */,
				61F2AB892B94914400B969C6 /* GrainGradient.metal in Sources */,
				6157BD442B82724E00424947 /* GlassView.swift in Sources */,
				61F2AB952B94F66300B969C6 /* Array+Extension.swift in Sources */,
				61B575082BACCD0400DF610F /* RealmServicesProtocols.swift in Sources */,
				61F2AB8B2B94914900B969C6 /* BackgroundMaterial.swift in Sources */,
				6196CF1D2B0A5CC700121470 /* DetailViewDataManager.swift in Sources */,
				6113470A2B4B157900D651CD /* HTMLContentFetcher.swift in Sources */,
				61A472F72B014BCE00623BC3 /* UIColor+Extension.swift in Sources */,
				613C57D02B87B2C100EB7967 /* CDView.swift in Sources */,
				61A472FC2B014F3C00623BC3 /* NetworkingManager.swift in Sources */,
				6113470E2B4B164C00D651CD /* HTMLParser.swift in Sources */,
				61A472FF2B01538C00623BC3 /* DataManager.swift in Sources */,
				61C7850B2B04DBCE00C5E55D /* popOver.swift in Sources */,
				61B575062BACCCC500DF610F /* RealmServices.swift in Sources */,
				61532E702B16675C00459F22 /* AlbumDetailViewModel.swift in Sources */,
				61F2AB852B91D2EE00B969C6 /* UpcommingReleasesRepository.swift in Sources */,
				61F2AB7C2B8FACF200B969C6 /* View+Extension.swift in Sources */,
				6157BD462B82938A00424947 /* GnodNetworking.swift in Sources */,
			);
			runOnlyForDeploymentPostprocessing = 0;
		};
/* End PBXSourcesBuildPhase section */

/* Begin XCBuildConfiguration section */
		61A472EA2B01410C00623BC3 /* Debug */ = {
			isa = XCBuildConfiguration;
			buildSettings = {
				ALWAYS_SEARCH_USER_PATHS = NO;
				ASSETCATALOG_COMPILER_GENERATE_SWIFT_ASSET_SYMBOL_EXTENSIONS = YES;
				CLANG_ANALYZER_NONNULL = YES;
				CLANG_ANALYZER_NUMBER_OBJECT_CONVERSION = YES_AGGRESSIVE;
				CLANG_CXX_LANGUAGE_STANDARD = "gnu++20";
				CLANG_ENABLE_MODULES = YES;
				CLANG_ENABLE_OBJC_ARC = YES;
				CLANG_ENABLE_OBJC_WEAK = YES;
				CLANG_WARN_BLOCK_CAPTURE_AUTORELEASING = YES;
				CLANG_WARN_BOOL_CONVERSION = YES;
				CLANG_WARN_COMMA = YES;
				CLANG_WARN_CONSTANT_CONVERSION = YES;
				CLANG_WARN_DEPRECATED_OBJC_IMPLEMENTATIONS = YES;
				CLANG_WARN_DIRECT_OBJC_ISA_USAGE = YES_ERROR;
				CLANG_WARN_DOCUMENTATION_COMMENTS = YES;
				CLANG_WARN_EMPTY_BODY = YES;
				CLANG_WARN_ENUM_CONVERSION = YES;
				CLANG_WARN_INFINITE_RECURSION = YES;
				CLANG_WARN_INT_CONVERSION = YES;
				CLANG_WARN_NON_LITERAL_NULL_CONVERSION = YES;
				CLANG_WARN_OBJC_IMPLICIT_RETAIN_SELF = YES;
				CLANG_WARN_OBJC_LITERAL_CONVERSION = YES;
				CLANG_WARN_OBJC_ROOT_CLASS = YES_ERROR;
				CLANG_WARN_QUOTED_INCLUDE_IN_FRAMEWORK_HEADER = YES;
				CLANG_WARN_RANGE_LOOP_ANALYSIS = YES;
				CLANG_WARN_STRICT_PROTOTYPES = YES;
				CLANG_WARN_SUSPICIOUS_MOVE = YES;
				CLANG_WARN_UNGUARDED_AVAILABILITY = YES_AGGRESSIVE;
				CLANG_WARN_UNREACHABLE_CODE = YES;
				CLANG_WARN__DUPLICATE_METHOD_MATCH = YES;
				COPY_PHASE_STRIP = NO;
				DEBUG_INFORMATION_FORMAT = dwarf;
				ENABLE_STRICT_OBJC_MSGSEND = YES;
				ENABLE_TESTABILITY = YES;
				ENABLE_USER_SCRIPT_SANDBOXING = YES;
				GCC_C_LANGUAGE_STANDARD = gnu17;
				GCC_DYNAMIC_NO_PIC = NO;
				GCC_NO_COMMON_BLOCKS = YES;
				GCC_OPTIMIZATION_LEVEL = 0;
				GCC_PREPROCESSOR_DEFINITIONS = (
					"DEBUG=1",
					"$(inherited)",
				);
				GCC_WARN_64_TO_32_BIT_CONVERSION = YES;
				GCC_WARN_ABOUT_RETURN_TYPE = YES_ERROR;
				GCC_WARN_UNDECLARED_SELECTOR = YES;
				GCC_WARN_UNINITIALIZED_AUTOS = YES_AGGRESSIVE;
				GCC_WARN_UNUSED_FUNCTION = YES;
				GCC_WARN_UNUSED_VARIABLE = YES;
				IPHONEOS_DEPLOYMENT_TARGET = 17.2;
				LOCALIZATION_PREFERS_STRING_CATALOGS = YES;
				MTL_ENABLE_DEBUG_INFO = INCLUDE_SOURCE;
				MTL_FAST_MATH = YES;
				ONLY_ACTIVE_ARCH = YES;
				SDKROOT = iphoneos;
				SWIFT_ACTIVE_COMPILATION_CONDITIONS = "DEBUG $(inherited)";
				SWIFT_OPTIMIZATION_LEVEL = "-Onone";
			};
			name = Debug;
		};
		61A472EB2B01410C00623BC3 /* Release */ = {
			isa = XCBuildConfiguration;
			buildSettings = {
				ALWAYS_SEARCH_USER_PATHS = NO;
				ASSETCATALOG_COMPILER_GENERATE_SWIFT_ASSET_SYMBOL_EXTENSIONS = YES;
				CLANG_ANALYZER_NONNULL = YES;
				CLANG_ANALYZER_NUMBER_OBJECT_CONVERSION = YES_AGGRESSIVE;
				CLANG_CXX_LANGUAGE_STANDARD = "gnu++20";
				CLANG_ENABLE_MODULES = YES;
				CLANG_ENABLE_OBJC_ARC = YES;
				CLANG_ENABLE_OBJC_WEAK = YES;
				CLANG_WARN_BLOCK_CAPTURE_AUTORELEASING = YES;
				CLANG_WARN_BOOL_CONVERSION = YES;
				CLANG_WARN_COMMA = YES;
				CLANG_WARN_CONSTANT_CONVERSION = YES;
				CLANG_WARN_DEPRECATED_OBJC_IMPLEMENTATIONS = YES;
				CLANG_WARN_DIRECT_OBJC_ISA_USAGE = YES_ERROR;
				CLANG_WARN_DOCUMENTATION_COMMENTS = YES;
				CLANG_WARN_EMPTY_BODY = YES;
				CLANG_WARN_ENUM_CONVERSION = YES;
				CLANG_WARN_INFINITE_RECURSION = YES;
				CLANG_WARN_INT_CONVERSION = YES;
				CLANG_WARN_NON_LITERAL_NULL_CONVERSION = YES;
				CLANG_WARN_OBJC_IMPLICIT_RETAIN_SELF = YES;
				CLANG_WARN_OBJC_LITERAL_CONVERSION = YES;
				CLANG_WARN_OBJC_ROOT_CLASS = YES_ERROR;
				CLANG_WARN_QUOTED_INCLUDE_IN_FRAMEWORK_HEADER = YES;
				CLANG_WARN_RANGE_LOOP_ANALYSIS = YES;
				CLANG_WARN_STRICT_PROTOTYPES = YES;
				CLANG_WARN_SUSPICIOUS_MOVE = YES;
				CLANG_WARN_UNGUARDED_AVAILABILITY = YES_AGGRESSIVE;
				CLANG_WARN_UNREACHABLE_CODE = YES;
				CLANG_WARN__DUPLICATE_METHOD_MATCH = YES;
				COPY_PHASE_STRIP = NO;
				DEBUG_INFORMATION_FORMAT = "dwarf-with-dsym";
				ENABLE_NS_ASSERTIONS = NO;
				ENABLE_STRICT_OBJC_MSGSEND = YES;
				ENABLE_USER_SCRIPT_SANDBOXING = YES;
				GCC_C_LANGUAGE_STANDARD = gnu17;
				GCC_NO_COMMON_BLOCKS = YES;
				GCC_WARN_64_TO_32_BIT_CONVERSION = YES;
				GCC_WARN_ABOUT_RETURN_TYPE = YES_ERROR;
				GCC_WARN_UNDECLARED_SELECTOR = YES;
				GCC_WARN_UNINITIALIZED_AUTOS = YES_AGGRESSIVE;
				GCC_WARN_UNUSED_FUNCTION = YES;
				GCC_WARN_UNUSED_VARIABLE = YES;
				IPHONEOS_DEPLOYMENT_TARGET = 17.2;
				LOCALIZATION_PREFERS_STRING_CATALOGS = YES;
				MTL_ENABLE_DEBUG_INFO = NO;
				MTL_FAST_MATH = YES;
				SDKROOT = iphoneos;
				SWIFT_COMPILATION_MODE = wholemodule;
				VALIDATE_PRODUCT = YES;
			};
			name = Release;
		};
		61A472ED2B01410C00623BC3 /* Debug */ = {
			isa = XCBuildConfiguration;
			buildSettings = {
				ASSETCATALOG_COMPILER_APPICON_NAME = AppIcon;
				ASSETCATALOG_COMPILER_GLOBAL_ACCENT_COLOR_NAME = AccentColor;
				CODE_SIGN_STYLE = Automatic;
				CURRENT_PROJECT_VERSION = 1;
				DEVELOPMENT_ASSET_PATHS = "\"tracklist/Preview Content\"";
				DEVELOPMENT_TEAM = LB7S3U9X98;
				ENABLE_PREVIEWS = YES;
				GENERATE_INFOPLIST_FILE = YES;
				INFOPLIST_KEY_UIApplicationSceneManifest_Generation = YES;
				INFOPLIST_KEY_UIApplicationSupportsIndirectInputEvents = YES;
				INFOPLIST_KEY_UILaunchScreen_Generation = YES;
				INFOPLIST_KEY_UISupportedInterfaceOrientations_iPad = "UIInterfaceOrientationPortrait UIInterfaceOrientationPortraitUpsideDown UIInterfaceOrientationLandscapeLeft UIInterfaceOrientationLandscapeRight";
				INFOPLIST_KEY_UISupportedInterfaceOrientations_iPhone = "UIInterfaceOrientationPortrait UIInterfaceOrientationLandscapeLeft UIInterfaceOrientationLandscapeRight";
				LD_RUNPATH_SEARCH_PATHS = (
					"$(inherited)",
					"@executable_path/Frameworks",
				);
				MARKETING_VERSION = 1.0;
				PRODUCT_BUNDLE_IDENTIFIER = pae.tracklist;
				PRODUCT_NAME = "$(TARGET_NAME)";
				SWIFT_EMIT_LOC_STRINGS = YES;
				SWIFT_VERSION = 5.0;
				TARGETED_DEVICE_FAMILY = "1,2";
			};
			name = Debug;
		};
		61A472EE2B01410C00623BC3 /* Release */ = {
			isa = XCBuildConfiguration;
			buildSettings = {
				ASSETCATALOG_COMPILER_APPICON_NAME = AppIcon;
				ASSETCATALOG_COMPILER_GLOBAL_ACCENT_COLOR_NAME = AccentColor;
				CODE_SIGN_STYLE = Automatic;
				CURRENT_PROJECT_VERSION = 1;
				DEVELOPMENT_ASSET_PATHS = "\"tracklist/Preview Content\"";
				DEVELOPMENT_TEAM = LB7S3U9X98;
				ENABLE_PREVIEWS = YES;
				GENERATE_INFOPLIST_FILE = YES;
				INFOPLIST_KEY_UIApplicationSceneManifest_Generation = YES;
				INFOPLIST_KEY_UIApplicationSupportsIndirectInputEvents = YES;
				INFOPLIST_KEY_UILaunchScreen_Generation = YES;
				INFOPLIST_KEY_UISupportedInterfaceOrientations_iPad = "UIInterfaceOrientationPortrait UIInterfaceOrientationPortraitUpsideDown UIInterfaceOrientationLandscapeLeft UIInterfaceOrientationLandscapeRight";
				INFOPLIST_KEY_UISupportedInterfaceOrientations_iPhone = "UIInterfaceOrientationPortrait UIInterfaceOrientationLandscapeLeft UIInterfaceOrientationLandscapeRight";
				LD_RUNPATH_SEARCH_PATHS = (
					"$(inherited)",
					"@executable_path/Frameworks",
				);
				MARKETING_VERSION = 1.0;
				PRODUCT_BUNDLE_IDENTIFIER = pae.tracklist;
				PRODUCT_NAME = "$(TARGET_NAME)";
				SWIFT_EMIT_LOC_STRINGS = YES;
				SWIFT_VERSION = 5.0;
				TARGETED_DEVICE_FAMILY = "1,2";
			};
			name = Release;
		};
/* End XCBuildConfiguration section */

/* Begin XCConfigurationList section */
		61A472D92B01410900623BC3 /* Build configuration list for PBXProject "tracklist" */ = {
			isa = XCConfigurationList;
			buildConfigurations = (
				61A472EA2B01410C00623BC3 /* Debug */,
				61A472EB2B01410C00623BC3 /* Release */,
			);
			defaultConfigurationIsVisible = 0;
			defaultConfigurationName = Release;
		};
		61A472EC2B01410C00623BC3 /* Build configuration list for PBXNativeTarget "tracklist" */ = {
			isa = XCConfigurationList;
			buildConfigurations = (
				61A472ED2B01410C00623BC3 /* Debug */,
				61A472EE2B01410C00623BC3 /* Release */,
			);
			defaultConfigurationIsVisible = 0;
			defaultConfigurationName = Release;
		};
/* End XCConfigurationList section */

/* Begin XCRemoteSwiftPackageReference section */
		613C57DA2B894CC600EB7967 /* XCRemoteSwiftPackageReference "Variablur" */ = {
			isa = XCRemoteSwiftPackageReference;
			repositoryURL = "https://github.com/daprice/Variablur.git";
			requirement = {
				branch = main;
				kind = branch;
			};
		};
		618152D82BA232A100785A04 /* XCRemoteSwiftPackageReference "Kingfisher" */ = {
			isa = XCRemoteSwiftPackageReference;
			repositoryURL = "https://github.com/onevcat/Kingfisher";
			requirement = {
				kind = upToNextMajorVersion;
				minimumVersion = 7.11.0;
			};
		};
		618152DB2BA2476300785A04 /* XCRemoteSwiftPackageReference "realm-swift" */ = {
			isa = XCRemoteSwiftPackageReference;
			repositoryURL = "https://github.com/realm/realm-swift.git";
			requirement = {
				kind = upToNextMajorVersion;
				minimumVersion = 10.48.0;
			};
		};
		61A99A0B2B094EF000ED22A7 /* XCRemoteSwiftPackageReference "SwiftSoup" */ = {
			isa = XCRemoteSwiftPackageReference;
			repositoryURL = "https://github.com/scinfu/SwiftSoup.git";
			requirement = {
				kind = upToNextMajorVersion;
				minimumVersion = 2.6.1;
			};
		};
/* End XCRemoteSwiftPackageReference section */

/* Begin XCSwiftPackageProductDependency section */
		613C57DB2B894CC600EB7967 /* Variablur */ = {
			isa = XCSwiftPackageProductDependency;
			package = 613C57DA2B894CC600EB7967 /* XCRemoteSwiftPackageReference "Variablur" */;
			productName = Variablur;
		};
		618152D92BA232A100785A04 /* Kingfisher */ = {
			isa = XCSwiftPackageProductDependency;
			package = 618152D82BA232A100785A04 /* XCRemoteSwiftPackageReference "Kingfisher" */;
			productName = Kingfisher;
		};
		618152DC2BA2476300785A04 /* Realm */ = {
			isa = XCSwiftPackageProductDependency;
			package = 618152DB2BA2476300785A04 /* XCRemoteSwiftPackageReference "realm-swift" */;
			productName = Realm;
		};
		618152DE2BA2476300785A04 /* RealmSwift */ = {
			isa = XCSwiftPackageProductDependency;
			package = 618152DB2BA2476300785A04 /* XCRemoteSwiftPackageReference "realm-swift" */;
			productName = RealmSwift;
		};
		61A99A0C2B094EF000ED22A7 /* SwiftSoup */ = {
			isa = XCSwiftPackageProductDependency;
			package = 61A99A0B2B094EF000ED22A7 /* XCRemoteSwiftPackageReference "SwiftSoup" */;
			productName = SwiftSoup;
		};
/* End XCSwiftPackageProductDependency section */
	};
	rootObject = 61A472D62B01410900623BC3 /* Project object */;
}
